
Microsoft Visual Studio Solution File, Format Version 12.00
# Visual Studio 15
VisualStudioVersion = 15.0.27703.2042
MinimumVisualStudioVersion = 10.0.40219.1
Project("{FAE04EC0-301F-11D3-BF4B-00C04F79EFBC}") = "ImageSqueezer", "ImageSqueezer.csproj", "{2FC56B82-B1C4-4EA9-BF3C-166602D629DF}"
EndProject
Global
	GlobalSection(SolutionConfigurationPlatforms) = preSolution
		Debug|Any CPU = Debug|Any CPU
		Release|Any CPU = Release|Any CPU
	EndGlobalSection
	GlobalSection(ProjectConfigurationPlatforms) = postSolution
		{2FC56B82-B1C4-4EA9-BF3C-166602D629DF}.Debug|Any CPU.ActiveCfg = Debug|Any CPU
		{2FC56B82-B1C4-4EA9-BF3C-166602D629DF}.Debug|Any CPU.Build.0 = Debug|Any CPU
		{2FC56B82-B1C4-4EA9-BF3C-166602D629DF}.Release|Any CPU.ActiveCfg = Release|Any CPU
		{2FC56B82-B1C4-4EA9-BF3C-166602D629DF}.Release|Any CPU.Build.0 = Release|Any CPU
	EndGlobalSection
	GlobalSection(SolutionProperties) = preSolution
		HideSolutionNode = FALSE
	EndGlobalSection
	GlobalSection(ExtensibilityGlobals) = postSolution
		SolutionGuid = {B2F2B5EB-B8F4-4FA4-BA5A-0438934CFAC7}
	EndGlobalSection
EndGlobal
